PODS:
  - ARAnalytics/CoreIOS (4.0.1)
  - ARAnalytics/Mixpanel (4.0.1):
    - ARAnalytics/CoreIOS
    - Mixpanel
  - HockeySDK (3.8.6):
    - HockeySDK/AllFeaturesLib (= 3.8.6)
  - HockeySDK/AllFeaturesLib (3.8.6)
  - Mixpanel (3.0.4):
    - Mixpanel/Mixpanel (= 3.0.4)
  - Mixpanel/Mixpanel (3.0.4)
  - SWRevealViewController (2.3.0)
  - TSMarkdownParser (1.0.20)

DEPENDENCIES:
  - ARAnalytics/Mixpanel
  - HockeySDK
  - SWRevealViewController
  - TSMarkdownParser

SPEC CHECKSUMS:
  ARAnalytics: 85e7bb999e2a40cea7d2394e71e8ecbafa50f2d0
  HockeySDK: ab68303eec6680f6b539de65d747742dd276e934
  Mixpanel: 4a2330c26556109d2f42b01e36a05eb9e2caf25e
  SWRevealViewController: 6d3fd97f70112fd7cef9de14df4260eacce4c63a
  TSMarkdownParser: 5ef8a617d39f92812860e0a3544348de33abe549

PODFILE CHECKSUM: ba1430f7dacfb5430faec3b33cb688cb1c5ce559

COCOAPODS: 1.1.0.rc.2
